
Microsoft Visual Studio Solution File, Format Version 12.00
# Visual Studio Version 16
VisualStudioVersion = 16.0.30804.86
MinimumVisualStudioVersion = 10.0.40219.1
Project("{FAE04EC0-301F-11D3-BF4B-00C04F79EFBC}") = "CSharp-Docker-POC", "CSharp-Docker-POC\CSharp-Docker-POC.csproj", "{2C1F92DD-3377-44E6-A0C1-A25A8A5375F0}"
EndProject
Global
	GlobalSection(SolutionConfigurationPlatforms) = preSolution
		Debug|Any CPU = Debug|Any CPU
		Release|Any CPU = Release|Any CPU
	EndGlobalSection
	GlobalSection(ProjectConfigurationPlatforms) = postSolution
		{2C1F92DD-3377-44E6-A0C1-A25A8A5375F0}.Debug|Any CPU.ActiveCfg = Debug|Any CPU
		{2C1F92DD-3377-44E6-A0C1-A25A8A5375F0}.Debug|Any CPU.Build.0 = Debug|Any CPU
		{2C1F92DD-3377-44E6-A0C1-A25A8A5375F0}.Release|Any CPU.ActiveCfg = Release|Any CPU
		{2C1F92DD-3377-44E6-A0C1-A25A8A5375F0}.Release|Any CPU.Build.0 = Release|Any CPU
	EndGlobalSection
	GlobalSection(SolutionProperties) = preSolution
		HideSolutionNode = FALSE
	EndGlobalSection
	GlobalSection(ExtensibilityGlobals) = postSolution
		SolutionGuid = {07C7D76F-FF98-4FC8-A5AA-C38FB93B1DB8}
	EndGlobalSection
EndGlobal
